
Microsoft Visual Studio Solution File, Format Version 12.00
# Visual Studio Version 16
VisualStudioVersion = 16.0.29519.161
MinimumVisualStudioVersion = 10.0.40219.1
Project("{2150E333-8FDC-42A3-9474-1A3956D46DE8}") = "Solution Items", "Solution Items", "{45C66DCA-969B-48C0-A74E-2BD5725F1C4A}"
	ProjectSection(SolutionItems) = preProject
		C:\Users\David\source\repos\RoundTableWeb.Erp\global.json = C:\Users\David\source\repos\RoundTableWeb.Erp\global.json
	EndProjectSection
EndProject
Project("{9A19103F-16F7-4668-BE54-9A1E7A4F7556}") = "RoundTableCoreAPi", "RoundTableCoreAPi\RoundTableCoreAPi.csproj", "{6815EEE6-2F7D-4BFA-9082-646E1E76D77D}"
EndProject
Project("{9A19103F-16F7-4668-BE54-9A1E7A4F7556}") = "RoundTableWeb.Api", "RoundTableWeb.Api\RoundTableWeb.Api.csproj", "{5838EBC3-7A54-473E-ACAB-6F1999E4668B}"
EndProject
Project("{9A19103F-16F7-4668-BE54-9A1E7A4F7556}") = "RoundTableMVCore31", "RoundTableMVCore31\RoundTableMVCore31\RoundTableMVCore31.csproj", "{C84DBBDE-DEB4-4346-9142-E28AF63DAB0A}"
EndProject
Project("{FAE04EC0-301F-11D3-BF4B-00C04F79EFBC}") = "RoundTableDal", "RoundTableDal\RoundTableDal\RoundTableDal.csproj", "{A4A1ADAB-B173-41ED-9FCA-E1D68FE0F046}"
EndProject
Project("{FAE04EC0-301F-11D3-BF4B-00C04F79EFBC}") = "RoundTableConsoleTools", "RoundTableConsoleTools\RoundTableConsoleTools\RoundTableConsoleTools.csproj", "{5D05FA03-62B7-40DD-8255-6E601328A4DE}"
EndProject
Project("{FAE04EC0-301F-11D3-BF4B-00C04F79EFBC}") = "RoundTableService", "RoundTableService\RoundTableService\RoundTableService.csproj", "{14B46D9D-60B1-4160-9F97-B792A420BC0D}"
EndProject
Global
	GlobalSection(SolutionConfigurationPlatforms) = preSolution
		Debug|Any CPU = Debug|Any CPU
		Release|Any CPU = Release|Any CPU
	EndGlobalSection
	GlobalSection(ProjectConfigurationPlatforms) = postSolution
		{6815EEE6-2F7D-4BFA-9082-646E1E76D77D}.Debug|Any CPU.ActiveCfg = Debug|Any CPU
		{6815EEE6-2F7D-4BFA-9082-646E1E76D77D}.Debug|Any CPU.Build.0 = Debug|Any CPU
		{6815EEE6-2F7D-4BFA-9082-646E1E76D77D}.Release|Any CPU.ActiveCfg = Release|Any CPU
		{6815EEE6-2F7D-4BFA-9082-646E1E76D77D}.Release|Any CPU.Build.0 = Release|Any CPU
		{5838EBC3-7A54-473E-ACAB-6F1999E4668B}.Debug|Any CPU.ActiveCfg = Debug|Any CPU
		{5838EBC3-7A54-473E-ACAB-6F1999E4668B}.Debug|Any CPU.Build.0 = Debug|Any CPU
		{5838EBC3-7A54-473E-ACAB-6F1999E4668B}.Release|Any CPU.ActiveCfg = Release|Any CPU
		{5838EBC3-7A54-473E-ACAB-6F1999E4668B}.Release|Any CPU.Build.0 = Release|Any CPU
		{C84DBBDE-DEB4-4346-9142-E28AF63DAB0A}.Debug|Any CPU.ActiveCfg = Debug|Any CPU
		{C84DBBDE-DEB4-4346-9142-E28AF63DAB0A}.Debug|Any CPU.Build.0 = Debug|Any CPU
		{C84DBBDE-DEB4-4346-9142-E28AF63DAB0A}.Release|Any CPU.ActiveCfg = Release|Any CPU
		{C84DBBDE-DEB4-4346-9142-E28AF63DAB0A}.Release|Any CPU.Build.0 = Release|Any CPU
		{A4A1ADAB-B173-41ED-9FCA-E1D68FE0F046}.Debug|Any CPU.ActiveCfg = Debug|Any CPU
		{A4A1ADAB-B173-41ED-9FCA-E1D68FE0F046}.Debug|Any CPU.Build.0 = Debug|Any CPU
		{A4A1ADAB-B173-41ED-9FCA-E1D68FE0F046}.Release|Any CPU.ActiveCfg = Release|Any CPU
		{A4A1ADAB-B173-41ED-9FCA-E1D68FE0F046}.Release|Any CPU.Build.0 = Release|Any CPU
		{5D05FA03-62B7-40DD-8255-6E601328A4DE}.Debug|Any CPU.ActiveCfg = Debug|Any CPU
		{5D05FA03-62B7-40DD-8255-6E601328A4DE}.Debug|Any CPU.Build.0 = Debug|Any CPU
		{5D05FA03-62B7-40DD-8255-6E601328A4DE}.Release|Any CPU.ActiveCfg = Release|Any CPU
		{5D05FA03-62B7-40DD-8255-6E601328A4DE}.Release|Any CPU.Build.0 = Release|Any CPU
		{14B46D9D-60B1-4160-9F97-B792A420BC0D}.Debug|Any CPU.ActiveCfg = Debug|Any CPU
		{14B46D9D-60B1-4160-9F97-B792A420BC0D}.Debug|Any CPU.Build.0 = Debug|Any CPU
		{14B46D9D-60B1-4160-9F97-B792A420BC0D}.Release|Any CPU.ActiveCfg = Release|Any CPU
		{14B46D9D-60B1-4160-9F97-B792A420BC0D}.Release|Any CPU.Build.0 = Release|Any CPU
	EndGlobalSection
	GlobalSection(SolutionProperties) = preSolution
		HideSolutionNode = FALSE
	EndGlobalSection
	GlobalSection(ExtensibilityGlobals) = postSolution
		SolutionGuid = {682857EF-4FB8-43CD-8C73-750D3BAEEF03}
	EndGlobalSection
EndGlobal
