
Microsoft Visual Studio Solution File, Format Version 12.00
# Visual Studio Version 16
VisualStudioVersion = 16.0.29519.161
MinimumVisualStudioVersion = 10.0.40219.1
Project("{2150E333-8FDC-42A3-9474-1A3956D46DE8}") = "Solution Items", "Solution Items", "{45C66DCA-969B-48C0-A74E-2BD5725F1C4A}"
	ProjectSection(SolutionItems) = preProject
		C:\Users\David\source\repos\RoundTableWeb.Erp\global.json = C:\Users\David\source\repos\RoundTableWeb.Erp\global.json
	EndProjectSection
EndProject
Project("{9A19103F-16F7-4668-BE54-9A1E7A4F7556}") = "RoundTableCoreAPi", "RoundTableCoreAPi\RoundTableCoreAPi.csproj", "{6815EEE6-2F7D-4BFA-9082-646E1E76D77D}"
EndProject
Project("{9A19103F-16F7-4668-BE54-9A1E7A4F7556}") = "RoundTableWeb.Api", "RoundTableWeb.Api\RoundTableWeb.Api.csproj", "{5838EBC3-7A54-473E-ACAB-6F1999E4668B}"
EndProject
Project("{9A19103F-16F7-4668-BE54-9A1E7A4F7556}") = "RoundTableMVCore31", "RoundTableMVCore31\RoundTableMVCore31\RoundTableMVCore31.csproj", "{C84DBBDE-DEB4-4346-9142-E28AF63DAB0A}"
EndProject
Project("{9A19103F-16F7-4668-BE54-9A1E7A4F7556}") = "RoundTableConsoleTools", "RoundTableConsoleTools\RoundTableConsoleTools\RoundTableConsoleTools.csproj", "{5D05FA03-62B7-40DD-8255-6E601328A4DE}"
EndProject
Project("{FAE04EC0-301F-11D3-BF4B-00C04F79EFBC}") = "RoundTableService", "RoundTableService\RoundTableService\RoundTableService.csproj", "{14B46D9D-60B1-4160-9F97-B792A420BC0D}"
EndProject
Project("{FAE04EC0-301F-11D3-BF4B-00C04F79EFBC}") = "RoundTableWMS.Android", "PhoneApp\RoundTableWMS\RoundTableWMS.Android\RoundTableWMS.Android.csproj", "{EA1E641C-188F-43FE-807B-9E8CCD1F5D4A}"
EndProject
Project("{FAE04EC0-301F-11D3-BF4B-00C04F79EFBC}") = "RoundTableWMS.iOS", "PhoneApp\RoundTableWMS\RoundTableWMS.iOS\RoundTableWMS.iOS.csproj", "{49DCF5F5-E98B-4E15-BD87-442DEF3B5B34}"
EndProject
Project("{9A19103F-16F7-4668-BE54-9A1E7A4F7556}") = "RoundTableWMS", "PhoneApp\RoundTableWMS\RoundTableWMS\RoundTableWMS.csproj", "{61A1B652-DD99-4C23-BB5D-1DE86D4B9023}"
EndProject
Project("{9A19103F-16F7-4668-BE54-9A1E7A4F7556}") = "RoundTableDal", "RoundTableDalS\RoundTableDalS\RoundTableDal.csproj", "{D094C283-6F38-47A5-83A7-BAFAA9B85FEF}"
EndProject
Global
	GlobalSection(SolutionConfigurationPlatforms) = preSolution
		Debug|Any CPU = Debug|Any CPU
		Debug|iPhone = Debug|iPhone
		Debug|iPhoneSimulator = Debug|iPhoneSimulator
		Release|Any CPU = Release|Any CPU
		Release|iPhone = Release|iPhone
		Release|iPhoneSimulator = Release|iPhoneSimulator
	EndGlobalSection
	GlobalSection(ProjectConfigurationPlatforms) = postSolution
		{6815EEE6-2F7D-4BFA-9082-646E1E76D77D}.Debug|Any CPU.ActiveCfg = Debug|Any CPU
		{6815EEE6-2F7D-4BFA-9082-646E1E76D77D}.Debug|Any CPU.Build.0 = Debug|Any CPU
		{6815EEE6-2F7D-4BFA-9082-646E1E76D77D}.Debug|iPhone.ActiveCfg = Debug|Any CPU
		{6815EEE6-2F7D-4BFA-9082-646E1E76D77D}.Debug|iPhone.Build.0 = Debug|Any CPU
		{6815EEE6-2F7D-4BFA-9082-646E1E76D77D}.Debug|iPhoneSimulator.ActiveCfg = Debug|Any CPU
		{6815EEE6-2F7D-4BFA-9082-646E1E76D77D}.Debug|iPhoneSimulator.Build.0 = Debug|Any CPU
		{6815EEE6-2F7D-4BFA-9082-646E1E76D77D}.Release|Any CPU.ActiveCfg = Release|Any CPU
		{6815EEE6-2F7D-4BFA-9082-646E1E76D77D}.Release|Any CPU.Build.0 = Release|Any CPU
		{6815EEE6-2F7D-4BFA-9082-646E1E76D77D}.Release|iPhone.ActiveCfg = Release|Any CPU
		{6815EEE6-2F7D-4BFA-9082-646E1E76D77D}.Release|iPhone.Build.0 = Release|Any CPU
		{6815EEE6-2F7D-4BFA-9082-646E1E76D77D}.Release|iPhoneSimulator.ActiveCfg = Release|Any CPU
		{6815EEE6-2F7D-4BFA-9082-646E1E76D77D}.Release|iPhoneSimulator.Build.0 = Release|Any CPU
		{5838EBC3-7A54-473E-ACAB-6F1999E4668B}.Debug|Any CPU.ActiveCfg = Debug|Any CPU
		{5838EBC3-7A54-473E-ACAB-6F1999E4668B}.Debug|Any CPU.Build.0 = Debug|Any CPU
		{5838EBC3-7A54-473E-ACAB-6F1999E4668B}.Debug|iPhone.ActiveCfg = Debug|Any CPU
		{5838EBC3-7A54-473E-ACAB-6F1999E4668B}.Debug|iPhone.Build.0 = Debug|Any CPU
		{5838EBC3-7A54-473E-ACAB-6F1999E4668B}.Debug|iPhoneSimulator.ActiveCfg = Debug|Any CPU
		{5838EBC3-7A54-473E-ACAB-6F1999E4668B}.Debug|iPhoneSimulator.Build.0 = Debug|Any CPU
		{5838EBC3-7A54-473E-ACAB-6F1999E4668B}.Release|Any CPU.ActiveCfg = Release|Any CPU
		{5838EBC3-7A54-473E-ACAB-6F1999E4668B}.Release|Any CPU.Build.0 = Release|Any CPU
		{5838EBC3-7A54-473E-ACAB-6F1999E4668B}.Release|iPhone.ActiveCfg = Release|Any CPU
		{5838EBC3-7A54-473E-ACAB-6F1999E4668B}.Release|iPhone.Build.0 = Release|Any CPU
		{5838EBC3-7A54-473E-ACAB-6F1999E4668B}.Release|iPhoneSimulator.ActiveCfg = Release|Any CPU
		{5838EBC3-7A54-473E-ACAB-6F1999E4668B}.Release|iPhoneSimulator.Build.0 = Release|Any CPU
		{C84DBBDE-DEB4-4346-9142-E28AF63DAB0A}.Debug|Any CPU.ActiveCfg = Debug|Any CPU
		{C84DBBDE-DEB4-4346-9142-E28AF63DAB0A}.Debug|Any CPU.Build.0 = Debug|Any CPU
		{C84DBBDE-DEB4-4346-9142-E28AF63DAB0A}.Debug|iPhone.ActiveCfg = Debug|Any CPU
		{C84DBBDE-DEB4-4346-9142-E28AF63DAB0A}.Debug|iPhone.Build.0 = Debug|Any CPU
		{C84DBBDE-DEB4-4346-9142-E28AF63DAB0A}.Debug|iPhoneSimulator.ActiveCfg = Debug|Any CPU
		{C84DBBDE-DEB4-4346-9142-E28AF63DAB0A}.Debug|iPhoneSimulator.Build.0 = Debug|Any CPU
		{C84DBBDE-DEB4-4346-9142-E28AF63DAB0A}.Release|Any CPU.ActiveCfg = Release|Any CPU
		{C84DBBDE-DEB4-4346-9142-E28AF63DAB0A}.Release|Any CPU.Build.0 = Release|Any CPU
		{C84DBBDE-DEB4-4346-9142-E28AF63DAB0A}.Release|iPhone.ActiveCfg = Release|Any CPU
		{C84DBBDE-DEB4-4346-9142-E28AF63DAB0A}.Release|iPhone.Build.0 = Release|Any CPU
		{C84DBBDE-DEB4-4346-9142-E28AF63DAB0A}.Release|iPhoneSimulator.ActiveCfg = Release|Any CPU
		{C84DBBDE-DEB4-4346-9142-E28AF63DAB0A}.Release|iPhoneSimulator.Build.0 = Release|Any CPU
		{5D05FA03-62B7-40DD-8255-6E601328A4DE}.Debug|Any CPU.ActiveCfg = Debug|Any CPU
		{5D05FA03-62B7-40DD-8255-6E601328A4DE}.Debug|Any CPU.Build.0 = Debug|Any CPU
		{5D05FA03-62B7-40DD-8255-6E601328A4DE}.Debug|iPhone.ActiveCfg = Debug|Any CPU
		{5D05FA03-62B7-40DD-8255-6E601328A4DE}.Debug|iPhone.Build.0 = Debug|Any CPU
		{5D05FA03-62B7-40DD-8255-6E601328A4DE}.Debug|iPhoneSimulator.ActiveCfg = Debug|Any CPU
		{5D05FA03-62B7-40DD-8255-6E601328A4DE}.Debug|iPhoneSimulator.Build.0 = Debug|Any CPU
		{5D05FA03-62B7-40DD-8255-6E601328A4DE}.Release|Any CPU.ActiveCfg = Release|Any CPU
		{5D05FA03-62B7-40DD-8255-6E601328A4DE}.Release|Any CPU.Build.0 = Release|Any CPU
		{5D05FA03-62B7-40DD-8255-6E601328A4DE}.Release|iPhone.ActiveCfg = Release|Any CPU
		{5D05FA03-62B7-40DD-8255-6E601328A4DE}.Release|iPhone.Build.0 = Release|Any CPU
		{5D05FA03-62B7-40DD-8255-6E601328A4DE}.Release|iPhoneSimulator.ActiveCfg = Release|Any CPU
		{5D05FA03-62B7-40DD-8255-6E601328A4DE}.Release|iPhoneSimulator.Build.0 = Release|Any CPU
		{14B46D9D-60B1-4160-9F97-B792A420BC0D}.Debug|Any CPU.ActiveCfg = Debug|Any CPU
		{14B46D9D-60B1-4160-9F97-B792A420BC0D}.Debug|Any CPU.Build.0 = Debug|Any CPU
		{14B46D9D-60B1-4160-9F97-B792A420BC0D}.Debug|iPhone.ActiveCfg = Debug|Any CPU
		{14B46D9D-60B1-4160-9F97-B792A420BC0D}.Debug|iPhone.Build.0 = Debug|Any CPU
		{14B46D9D-60B1-4160-9F97-B792A420BC0D}.Debug|iPhoneSimulator.ActiveCfg = Debug|Any CPU
		{14B46D9D-60B1-4160-9F97-B792A420BC0D}.Debug|iPhoneSimulator.Build.0 = Debug|Any CPU
		{14B46D9D-60B1-4160-9F97-B792A420BC0D}.Release|Any CPU.ActiveCfg = Release|Any CPU
		{14B46D9D-60B1-4160-9F97-B792A420BC0D}.Release|Any CPU.Build.0 = Release|Any CPU
		{14B46D9D-60B1-4160-9F97-B792A420BC0D}.Release|iPhone.ActiveCfg = Release|Any CPU
		{14B46D9D-60B1-4160-9F97-B792A420BC0D}.Release|iPhone.Build.0 = Release|Any CPU
		{14B46D9D-60B1-4160-9F97-B792A420BC0D}.Release|iPhoneSimulator.ActiveCfg = Release|Any CPU
		{14B46D9D-60B1-4160-9F97-B792A420BC0D}.Release|iPhoneSimulator.Build.0 = Release|Any CPU
		{EA1E641C-188F-43FE-807B-9E8CCD1F5D4A}.Debug|Any CPU.ActiveCfg = Debug|Any CPU
		{EA1E641C-188F-43FE-807B-9E8CCD1F5D4A}.Debug|Any CPU.Build.0 = Debug|Any CPU
		{EA1E641C-188F-43FE-807B-9E8CCD1F5D4A}.Debug|Any CPU.Deploy.0 = Debug|Any CPU
		{EA1E641C-188F-43FE-807B-9E8CCD1F5D4A}.Debug|iPhone.ActiveCfg = Debug|Any CPU
		{EA1E641C-188F-43FE-807B-9E8CCD1F5D4A}.Debug|iPhone.Build.0 = Debug|Any CPU
		{EA1E641C-188F-43FE-807B-9E8CCD1F5D4A}.Debug|iPhone.Deploy.0 = Debug|Any CPU
		{EA1E641C-188F-43FE-807B-9E8CCD1F5D4A}.Debug|iPhoneSimulator.ActiveCfg = Debug|Any CPU
		{EA1E641C-188F-43FE-807B-9E8CCD1F5D4A}.Debug|iPhoneSimulator.Build.0 = Debug|Any CPU
		{EA1E641C-188F-43FE-807B-9E8CCD1F5D4A}.Debug|iPhoneSimulator.Deploy.0 = Debug|Any CPU
		{EA1E641C-188F-43FE-807B-9E8CCD1F5D4A}.Release|Any CPU.ActiveCfg = Release|Any CPU
		{EA1E641C-188F-43FE-807B-9E8CCD1F5D4A}.Release|Any CPU.Build.0 = Release|Any CPU
		{EA1E641C-188F-43FE-807B-9E8CCD1F5D4A}.Release|Any CPU.Deploy.0 = Release|Any CPU
		{EA1E641C-188F-43FE-807B-9E8CCD1F5D4A}.Release|iPhone.ActiveCfg = Release|Any CPU
		{EA1E641C-188F-43FE-807B-9E8CCD1F5D4A}.Release|iPhone.Build.0 = Release|Any CPU
		{EA1E641C-188F-43FE-807B-9E8CCD1F5D4A}.Release|iPhone.Deploy.0 = Release|Any CPU
		{EA1E641C-188F-43FE-807B-9E8CCD1F5D4A}.Release|iPhoneSimulator.ActiveCfg = Release|Any CPU
		{EA1E641C-188F-43FE-807B-9E8CCD1F5D4A}.Release|iPhoneSimulator.Build.0 = Release|Any CPU
		{EA1E641C-188F-43FE-807B-9E8CCD1F5D4A}.Release|iPhoneSimulator.Deploy.0 = Release|Any CPU
		{49DCF5F5-E98B-4E15-BD87-442DEF3B5B34}.Debug|Any CPU.ActiveCfg = Debug|iPhone
		{49DCF5F5-E98B-4E15-BD87-442DEF3B5B34}.Debug|iPhone.ActiveCfg = Debug|iPhone
		{49DCF5F5-E98B-4E15-BD87-442DEF3B5B34}.Debug|iPhone.Build.0 = Debug|iPhone
		{49DCF5F5-E98B-4E15-BD87-442DEF3B5B34}.Debug|iPhoneSimulator.ActiveCfg = Debug|iPhoneSimulator
		{49DCF5F5-E98B-4E15-BD87-442DEF3B5B34}.Debug|iPhoneSimulator.Build.0 = Debug|iPhoneSimulator
		{49DCF5F5-E98B-4E15-BD87-442DEF3B5B34}.Release|Any CPU.ActiveCfg = Release|iPhone
		{49DCF5F5-E98B-4E15-BD87-442DEF3B5B34}.Release|iPhone.ActiveCfg = Release|iPhone
		{49DCF5F5-E98B-4E15-BD87-442DEF3B5B34}.Release|iPhone.Build.0 = Release|iPhone
		{49DCF5F5-E98B-4E15-BD87-442DEF3B5B34}.Release|iPhoneSimulator.ActiveCfg = Release|iPhoneSimulator
		{49DCF5F5-E98B-4E15-BD87-442DEF3B5B34}.Release|iPhoneSimulator.Build.0 = Release|iPhoneSimulator
		{61A1B652-DD99-4C23-BB5D-1DE86D4B9023}.Debug|Any CPU.ActiveCfg = Debug|Any CPU
		{61A1B652-DD99-4C23-BB5D-1DE86D4B9023}.Debug|Any CPU.Build.0 = Debug|Any CPU
		{61A1B652-DD99-4C23-BB5D-1DE86D4B9023}.Debug|iPhone.ActiveCfg = Debug|Any CPU
		{61A1B652-DD99-4C23-BB5D-1DE86D4B9023}.Debug|iPhone.Build.0 = Debug|Any CPU
		{61A1B652-DD99-4C23-BB5D-1DE86D4B9023}.Debug|iPhoneSimulator.ActiveCfg = Debug|Any CPU
		{61A1B652-DD99-4C23-BB5D-1DE86D4B9023}.Debug|iPhoneSimulator.Build.0 = Debug|Any CPU
		{61A1B652-DD99-4C23-BB5D-1DE86D4B9023}.Release|Any CPU.ActiveCfg = Release|Any CPU
		{61A1B652-DD99-4C23-BB5D-1DE86D4B9023}.Release|Any CPU.Build.0 = Release|Any CPU
		{61A1B652-DD99-4C23-BB5D-1DE86D4B9023}.Release|iPhone.ActiveCfg = Release|Any CPU
		{61A1B652-DD99-4C23-BB5D-1DE86D4B9023}.Release|iPhone.Build.0 = Release|Any CPU
		{61A1B652-DD99-4C23-BB5D-1DE86D4B9023}.Release|iPhoneSimulator.ActiveCfg = Release|Any CPU
		{61A1B652-DD99-4C23-BB5D-1DE86D4B9023}.Release|iPhoneSimulator.Build.0 = Release|Any CPU
		{D094C283-6F38-47A5-83A7-BAFAA9B85FEF}.Debug|Any CPU.ActiveCfg = Debug|Any CPU
		{D094C283-6F38-47A5-83A7-BAFAA9B85FEF}.Debug|Any CPU.Build.0 = Debug|Any CPU
		{D094C283-6F38-47A5-83A7-BAFAA9B85FEF}.Debug|iPhone.ActiveCfg = Debug|Any CPU
		{D094C283-6F38-47A5-83A7-BAFAA9B85FEF}.Debug|iPhone.Build.0 = Debug|Any CPU
		{D094C283-6F38-47A5-83A7-BAFAA9B85FEF}.Debug|iPhoneSimulator.ActiveCfg = Debug|Any CPU
		{D094C283-6F38-47A5-83A7-BAFAA9B85FEF}.Debug|iPhoneSimulator.Build.0 = Debug|Any CPU
		{D094C283-6F38-47A5-83A7-BAFAA9B85FEF}.Release|Any CPU.ActiveCfg = Release|Any CPU
		{D094C283-6F38-47A5-83A7-BAFAA9B85FEF}.Release|Any CPU.Build.0 = Release|Any CPU
		{D094C283-6F38-47A5-83A7-BAFAA9B85FEF}.Release|iPhone.ActiveCfg = Release|Any CPU
		{D094C283-6F38-47A5-83A7-BAFAA9B85FEF}.Release|iPhone.Build.0 = Release|Any CPU
		{D094C283-6F38-47A5-83A7-BAFAA9B85FEF}.Release|iPhoneSimulator.ActiveCfg = Release|Any CPU
		{D094C283-6F38-47A5-83A7-BAFAA9B85FEF}.Release|iPhoneSimulator.Build.0 = Release|Any CPU
	EndGlobalSection
	GlobalSection(SolutionProperties) = preSolution
		HideSolutionNode = FALSE
	EndGlobalSection
	GlobalSection(ExtensibilityGlobals) = postSolution
		SolutionGuid = {682857EF-4FB8-43CD-8C73-750D3BAEEF03}
	EndGlobalSection
EndGlobal
